
Microsoft Visual Studio Solution File, Format Version 12.00
# Visual Studio 15
VisualStudioVersion = 15.0.27703.2042
MinimumVisualStudioVersion = 10.0.40219.1
Project("{9A19103F-16F7-4668-BE54-9A1E7A4F7556}") = "KDRSMonitorRazor", "KDRSManagerRazor\KDRSMonitorRazor.csproj", "{CBF88441-ABA0-40CF-B611-51A9AFC8242C}"
EndProject
Global
	GlobalSection(SolutionConfigurationPlatforms) = preSolution
		Debug|Any CPU = Debug|Any CPU
		Release|Any CPU = Release|Any CPU
	EndGlobalSection
	GlobalSection(ProjectConfigurationPlatforms) = postSolution
		{CBF88441-ABA0-40CF-B611-51A9AFC8242C}.Debug|Any CPU.ActiveCfg = Debug|Any CPU
		{CBF88441-ABA0-40CF-B611-51A9AFC8242C}.Debug|Any CPU.Build.0 = Debug|Any CPU
		{CBF88441-ABA0-40CF-B611-51A9AFC8242C}.Release|Any CPU.ActiveCfg = Release|Any CPU
		{CBF88441-ABA0-40CF-B611-51A9AFC8242C}.Release|Any CPU.Build.0 = Release|Any CPU
	EndGlobalSection
	GlobalSection(SolutionProperties) = preSolution
		HideSolutionNode = FALSE
	EndGlobalSection
	GlobalSection(ExtensibilityGlobals) = postSolution
		SolutionGuid = {F5862F61-BC4F-4398-9BD9-D0AF17729CD5}
	EndGlobalSection
EndGlobal
